{
  "aidlc": "0.1.0",
  "outputs": [
    {
      "kind": "file",
      "path": ".agents/skills/build/SKILL.md",
      "sha256": "c242e58dc9f1b20d69d22c5b659f5cc011a037598d675bd83166d62451780f46"
    },
    {
      "kind": "file",
      "path": ".agents/skills/orchestrate/SKILL.md",
      "sha256": "04c76a8db49e36f600da5079ce8c2790d1ea34ad42c51cf7c5f9ec5b42e54b98"
    },
    {
      "kind": "file",
      "path": ".agents/skills/plan/SKILL.md",
      "sha256": "c0416140a855964b7eca08f59cf1f7e0553b09c6621a4730717fad0b0a3571d3"
    },
    {
      "kind": "file",
      "path": ".agents/skills/review/SKILL.md",
      "sha256": "7cc4f721c0b7562d3934c40d3f8256c887c4b01af8d334c17c549e4da1924d53"
    },
    {
      "kind": "file",
      "path": ".claude/agents/reviewer.md",
      "sha256": "e038c78130615b73a22ff94e0a3fbc16122b58ff01feb5dc152a207c8fcc30b1"
    },
    {
      "kind": "file",
      "path": ".cursor/rules/rules-python-dependencies.mdc",
      "sha256": "c1e6f90298fb51d53c3d604d9d4264bb5770c8cbc89bf7b90c1c56820999282a"
    },
    {
      "kind": "file",
      "path": ".cursor/rules/rules-python-tests.mdc",
      "sha256": "58587362fcf05301a9f70c5082b526ed25c4f527f2a75ab7bca8b5d235198271"
    },
    {
      "kind": "file",
      "path": ".cursor/rules/rules-python-typing.mdc",
      "sha256": "a8781da1cb9ace0c3841ad65cb78b4aa0daf1dedde25d5d9dc86b36d07d9f7f5"
    },
    {
      "kind": "file",
      "path": ".cursor/rules/rules-security-input-validation.mdc",
      "sha256": "905608800878913c3316fb0bbab108efc7cdfd369b2bc955b929fd024d94c4fa"
    },
    {
      "kind": "file",
      "path": ".cursor/rules/rules-security-secrets.mdc",
      "sha256": "b803e20e88447f40dd728acd643e52d0b92d63fad3392e8c9986df2a503e7aa8"
    },
    {
      "kind": "file",
      "path": ".cursor/rules/rules-security-supply-chain.mdc",
      "sha256": "89ab33c61e205322e44f8a5a497f44fb0856c4225c5d82d450fc9a656beb805c"
    },
    {
      "kind": "file",
      "path": ".github/instructions/rules-python-dependencies.instructions.md",
      "sha256": "2e06512aefcea4fe25af5c411ef659d89d0957113e78772fff3defcb58668c2d"
    },
    {
      "kind": "file",
      "path": ".github/instructions/rules-python-tests.instructions.md",
      "sha256": "076b99115f6d5ed825f80d8b11724b0ce1fa8364cbcdb07253ade86d7cd25a0a"
    },
    {
      "kind": "file",
      "path": ".github/instructions/rules-python-typing.instructions.md",
      "sha256": "45f789415389137914e19d2ad8fbf036598c6ea2dbaf98132491e91bfbb11001"
    },
    {
      "kind": "file",
      "path": ".github/instructions/rules-security-input-validation.instructions.md",
      "sha256": "f59bff86e5ff927d0e8df9958059a143f41cc3821ba3f989151c1da163e664b7"
    },
    {
      "kind": "file",
      "path": ".github/instructions/rules-security-secrets.instructions.md",
      "sha256": "855968c73e4a042278ecfe6da1ecb95ae5932ec09ca539902c1c5530080a3876"
    },
    {
      "kind": "file",
      "path": ".github/instructions/rules-security-supply-chain.instructions.md",
      "sha256": "706be6762ee29bb52b4db2b293ac9e49a2c1ae792ca2c72ea9020258d7e96ef7"
    },
    {
      "identifier": "core",
      "kind": "block",
      "path": "AGENTS.md",
      "sha256": "sha256:ec2586333c886acb"
    }
  ],
  "packs": [
    {
      "digest": "sha256:c7fc0a59aa32b2f68a1f934e46f509e9",
      "name": "core",
      "source": "builtin",
      "version": "0.2.0"
    },
    {
      "digest": "sha256:d8c2e0e50294bd5361b760e5f80eb549",
      "name": "rules-python",
      "source": "builtin",
      "version": "0.1.0"
    },
    {
      "digest": "sha256:9c8f1cf668ed1969e431bad2e293f57d",
      "name": "rules-security",
      "source": "builtin",
      "version": "0.1.0"
    }
  ],
  "profile_digest": "sha256:c9f22d2248f2ac1c",
  "schema": 1
}
