{
  "aidlc": "1.0.2",
  "outputs": [
    {
      "kind": "file",
      "path": ".agents/skills/build/SKILL.md",
      "sha256": "92f175eaea6339ac93184a273532ffc8d9234c418b4517b3a75d6106d70d46c6"
    },
    {
      "kind": "file",
      "path": ".agents/skills/orchestrate/SKILL.md",
      "sha256": "d354a07df8899a328ae7009ba5ef4b97989b596fc7b78e6b1c42d48a8d09e7f3"
    },
    {
      "kind": "file",
      "path": ".agents/skills/plan/SKILL.md",
      "sha256": "8cbaa366e365b4e1e9b375acddab4114996a017b74402212cd0a1a644f8e9aeb"
    },
    {
      "kind": "file",
      "path": ".agents/skills/review/SKILL.md",
      "sha256": "d9ee3fc4813e124e3adb89106464dd8eaabea8dc078244509a348301ca84f694"
    },
    {
      "kind": "file",
      "path": ".claude/agents/pm.md",
      "sha256": "a2af6e2691b8ae0fa51f165a99c35bf9c9cf740105b0050cd68e4de865c214c0"
    },
    {
      "kind": "file",
      "path": ".claude/agents/reviewer.md",
      "sha256": "99cb67be61d78373643e34e1506b345334d91518ef7589afa50a16a08710a9e8"
    },
    {
      "kind": "file",
      "path": ".cursor/rules/rules-python-dependencies.mdc",
      "sha256": "c1e6f90298fb51d53c3d604d9d4264bb5770c8cbc89bf7b90c1c56820999282a"
    },
    {
      "kind": "file",
      "path": ".cursor/rules/rules-python-tests.mdc",
      "sha256": "58587362fcf05301a9f70c5082b526ed25c4f527f2a75ab7bca8b5d235198271"
    },
    {
      "kind": "file",
      "path": ".cursor/rules/rules-python-typing.mdc",
      "sha256": "a8781da1cb9ace0c3841ad65cb78b4aa0daf1dedde25d5d9dc86b36d07d9f7f5"
    },
    {
      "kind": "file",
      "path": ".cursor/rules/rules-security-input-validation.mdc",
      "sha256": "905608800878913c3316fb0bbab108efc7cdfd369b2bc955b929fd024d94c4fa"
    },
    {
      "kind": "file",
      "path": ".cursor/rules/rules-security-secrets.mdc",
      "sha256": "b4f1f90622157db85595b1c2542a5b312172ff6708cf80d2dba32097967e47ab"
    },
    {
      "kind": "file",
      "path": ".cursor/rules/rules-security-supply-chain.mdc",
      "sha256": "89ab33c61e205322e44f8a5a497f44fb0856c4225c5d82d450fc9a656beb805c"
    },
    {
      "kind": "file",
      "path": ".github/instructions/rules-python-dependencies.instructions.md",
      "sha256": "2e06512aefcea4fe25af5c411ef659d89d0957113e78772fff3defcb58668c2d"
    },
    {
      "kind": "file",
      "path": ".github/instructions/rules-python-tests.instructions.md",
      "sha256": "076b99115f6d5ed825f80d8b11724b0ce1fa8364cbcdb07253ade86d7cd25a0a"
    },
    {
      "kind": "file",
      "path": ".github/instructions/rules-python-typing.instructions.md",
      "sha256": "45f789415389137914e19d2ad8fbf036598c6ea2dbaf98132491e91bfbb11001"
    },
    {
      "kind": "file",
      "path": ".github/instructions/rules-security-input-validation.instructions.md",
      "sha256": "f59bff86e5ff927d0e8df9958059a143f41cc3821ba3f989151c1da163e664b7"
    },
    {
      "kind": "file",
      "path": ".github/instructions/rules-security-secrets.instructions.md",
      "sha256": "ed100cc918e0b1d4e5358d2ad4cb9964c9f9f24a90b4ceebbf659bd5af6ffc3c"
    },
    {
      "kind": "file",
      "path": ".github/instructions/rules-security-supply-chain.instructions.md",
      "sha256": "706be6762ee29bb52b4db2b293ac9e49a2c1ae792ca2c72ea9020258d7e96ef7"
    },
    {
      "kind": "file",
      "path": ".github/workflows/aidlc.yml",
      "sha256": "315a01d169cd864a5b864f33486c2f99183c654c4748446ce612cb707f167869"
    },
    {
      "identifier": "core",
      "kind": "block",
      "path": "AGENTS.md",
      "sha256": "sha256:9b8dafe8dcada8b1"
    }
  ],
  "packs": [
    {
      "digest": "sha256:d2bc23da365a2056dcd61dabd5903f1b",
      "name": "core",
      "source": "builtin",
      "version": "0.3.0"
    },
    {
      "digest": "sha256:937569348ed4a6b9eb8a019686642116",
      "name": "rules-python",
      "source": "builtin",
      "version": "0.1.0"
    },
    {
      "digest": "sha256:d52dc81bd40601c85f9a784b2cf6f9dc",
      "name": "rules-security",
      "source": "builtin",
      "version": "0.1.0"
    }
  ],
  "profile_digest": "sha256:7bb0c182c7b2fbd0",
  "schema": 1
}
